
Microsoft Visual Studio Solution File, Format Version 12.00
# Visual Studio Version 17
VisualStudioVersion = 17.0.31912.275
MinimumVisualStudioVersion = 10.0.40219.1
Project("{FAE04EC0-301F-11D3-BF4B-00C04F79EFBC}") = "IPDeviceManufacturer", "IPDeviceManufacturer\IPDeviceManufacturer.csproj", "{1D9EE65C-6265-4DE2-B7B7-C0FB901C6762}"
EndProject
Project("{FAE04EC0-301F-11D3-BF4B-00C04F79EFBC}") = "WindowsConsole.Test", "WindowsConsole.Test\WindowsConsole.Test.csproj", "{7E9651AB-9B31-481B-A555-59D0A9B4750F}"
EndProject
Project("{FAE04EC0-301F-11D3-BF4B-00C04F79EFBC}") = "WindowsForms.Test", "WindowsForms.Test\WindowsForms.Test.csproj", "{74D28F08-F90A-436C-95B9-B8E882E5EB50}"
EndProject
Global
	GlobalSection(SolutionConfigurationPlatforms) = preSolution
		Debug|Any CPU = Debug|Any CPU
		Release|Any CPU = Release|Any CPU
	EndGlobalSection
	GlobalSection(ProjectConfigurationPlatforms) = postSolution
		{1D9EE65C-6265-4DE2-B7B7-C0FB901C6762}.Debug|Any CPU.ActiveCfg = Debug|Any CPU
		{1D9EE65C-6265-4DE2-B7B7-C0FB901C6762}.Debug|Any CPU.Build.0 = Debug|Any CPU
		{1D9EE65C-6265-4DE2-B7B7-C0FB901C6762}.Release|Any CPU.ActiveCfg = Release|Any CPU
		{1D9EE65C-6265-4DE2-B7B7-C0FB901C6762}.Release|Any CPU.Build.0 = Release|Any CPU
		{7E9651AB-9B31-481B-A555-59D0A9B4750F}.Debug|Any CPU.ActiveCfg = Debug|Any CPU
		{7E9651AB-9B31-481B-A555-59D0A9B4750F}.Debug|Any CPU.Build.0 = Debug|Any CPU
		{7E9651AB-9B31-481B-A555-59D0A9B4750F}.Release|Any CPU.ActiveCfg = Release|Any CPU
		{7E9651AB-9B31-481B-A555-59D0A9B4750F}.Release|Any CPU.Build.0 = Release|Any CPU
		{74D28F08-F90A-436C-95B9-B8E882E5EB50}.Debug|Any CPU.ActiveCfg = Debug|Any CPU
		{74D28F08-F90A-436C-95B9-B8E882E5EB50}.Debug|Any CPU.Build.0 = Debug|Any CPU
		{74D28F08-F90A-436C-95B9-B8E882E5EB50}.Release|Any CPU.ActiveCfg = Release|Any CPU
		{74D28F08-F90A-436C-95B9-B8E882E5EB50}.Release|Any CPU.Build.0 = Release|Any CPU
	EndGlobalSection
	GlobalSection(SolutionProperties) = preSolution
		HideSolutionNode = FALSE
	EndGlobalSection
	GlobalSection(ExtensibilityGlobals) = postSolution
		SolutionGuid = {FCAB9FA1-244C-4315-A444-73E6D4A524E8}
	EndGlobalSection
EndGlobal
